{
  "nodes": {
    "emacs-overlay": {
      "inputs": {
        "flake-utils": "flake-utils",
        "nixpkgs": "nixpkgs"
      },
      "locked": {
        "lastModified": 1659609039,
        "narHash": "sha256-RMN9IYCUNI+7A3kFNW5L8+Elure82390tM2XXreqNcQ=",
        "owner": "nix-community",
        "repo": "emacs-overlay",
        "rev": "da35c186463ac1b7bb04f70b4291ac0572e3ce13",
        "type": "github"
      },
      "original": {
        "owner": "nix-community",
        "repo": "emacs-overlay",
        "type": "github"
      }
    },
    "flake-utils": {
      "locked": {
        "lastModified": 1656928814,
        "narHash": "sha256-RIFfgBuKz6Hp89yRr7+NR5tzIAbn52h8vT6vXkYjZoM=",
        "owner": "numtide",
        "repo": "flake-utils",
        "rev": "7e2a3b3dfd9af950a856d66b0a7d01e3c18aa249",
        "type": "github"
      },
      "original": {
        "owner": "numtide",
        "repo": "flake-utils",
        "type": "github"
      }
    },
    "flake-utils_2": {
      "locked": {
        "lastModified": 1656928814,
        "narHash": "sha256-RIFfgBuKz6Hp89yRr7+NR5tzIAbn52h8vT6vXkYjZoM=",
        "owner": "numtide",
        "repo": "flake-utils",
        "rev": "7e2a3b3dfd9af950a856d66b0a7d01e3c18aa249",
        "type": "github"
      },
      "original": {
        "id": "flake-utils",
        "type": "indirect"
      }
    },
    "home-manager": {
      "inputs": {
        "nixpkgs": [
          "nixpkgs"
        ],
        "utils": "utils"
      },
      "locked": {
        "lastModified": 1659484873,
        "narHash": "sha256-6VoPiGyDdjBHOJ3IpS24lY1lrDiOHeuEefOFI0qz3WE=",
        "owner": "nix-community",
        "repo": "home-manager",
        "rev": "d8d9ff0b2df77defa10375c6665b51f0251c34d6",
        "type": "github"
      },
      "original": {
        "owner": "nix-community",
        "repo": "home-manager",
        "type": "github"
      }
    },
    "hyprland": {
      "inputs": {
        "nixpkgs": [
          "nixpkgs"
        ],
        "wlroots": "wlroots"
      },
      "locked": {
        "lastModified": 1659626461,
        "narHash": "sha256-r8xetdK5PS/dSnX7VYwcjknh4+xUcD2po6T66vvSTFQ=",
        "owner": "hyprwm",
        "repo": "Hyprland",
        "rev": "3947fe9e9f8fb2912b969a20fbbec3f2ab62cef0",
        "type": "github"
      },
      "original": {
        "owner": "hyprwm",
        "repo": "Hyprland",
        "type": "github"
      }
    },
    "nixpkgs": {
      "locked": {
        "lastModified": 1659606041,
        "narHash": "sha256-W4/u2ssr3fS4XOtltrsDD9w2kF4jYYZr6JyPGUW2jdI=",
        "owner": "NixOS",
        "repo": "nixpkgs",
        "rev": "5f9b871b72b24f066b1a1e189efd0669f2888c49",
        "type": "github"
      },
      "original": {
        "id": "nixpkgs",
        "type": "indirect"
      }
    },
    "nixpkgs-master": {
      "locked": {
        "lastModified": 1659633244,
        "narHash": "sha256-N+AXQHIyRO5D9T8xrTM+igkqJ90MKsftQJnfW5YNxac=",
        "owner": "nixos",
        "repo": "nixpkgs",
        "rev": "0b04c001b3c2e5009b688a15ae5903aa2293bc7c",
        "type": "github"
      },
      "original": {
        "owner": "nixos",
        "ref": "master",
        "repo": "nixpkgs",
        "type": "github"
      }
    },
    "nixpkgs-stable": {
      "locked": {
        "lastModified": 1659526864,
        "narHash": "sha256-XFzXrc1+6DZb9hBgHfEzfwylPUSqVFJbQPs8eOgYufU=",
        "owner": "nixos",
        "repo": "nixpkgs",
        "rev": "478f3cbc8448b5852539d785fbfe9a53304133be",
        "type": "github"
      },
      "original": {
        "owner": "nixos",
        "ref": "nixos-22.05",
        "repo": "nixpkgs",
        "type": "github"
      }
    },
    "nixpkgs_2": {
      "locked": {
        "lastModified": 1659487974,
        "narHash": "sha256-CVGOtR/Wyq3TVCjf8/kdnYD5G2JwUKUQVtd+5WIDTuY=",
        "owner": "nixos",
        "repo": "nixpkgs",
        "rev": "12363fb6d89859a37cd7e27f85288599f13e49d9",
        "type": "github"
      },
      "original": {
        "owner": "nixos",
        "ref": "nixos-unstable",
        "repo": "nixpkgs",
        "type": "github"
      }
    },
    "root": {
      "inputs": {
        "emacs-overlay": "emacs-overlay",
        "flake-utils": "flake-utils_2",
        "home-manager": "home-manager",
        "hyprland": "hyprland",
        "nixpkgs": "nixpkgs_2",
        "nixpkgs-master": "nixpkgs-master",
        "nixpkgs-stable": "nixpkgs-stable"
      }
    },
    "utils": {
      "locked": {
        "lastModified": 1653893745,
        "narHash": "sha256-0jntwV3Z8//YwuOjzhV2sgJJPt+HY6KhU7VZUL0fKZQ=",
        "owner": "numtide",
        "repo": "flake-utils",
        "rev": "1ed9fb1935d260de5fe1c2f7ee0ebaae17ed2fa1",
        "type": "github"
      },
      "original": {
        "owner": "numtide",
        "repo": "flake-utils",
        "type": "github"
      }
    },
    "wlroots": {
      "flake": false,
      "locked": {
        "host": "gitlab.freedesktop.org",
        "lastModified": 1659522923,
        "narHash": "sha256-dT651//smG3TW1IW0vgdOONNZJAdN+h/qKWbEjgf6HE=",
        "owner": "wlroots",
        "repo": "wlroots",
        "rev": "b24b50ec0c1c54a14acf34df2c95b37043d15b49",
        "type": "gitlab"
      },
      "original": {
        "host": "gitlab.freedesktop.org",
        "owner": "wlroots",
        "repo": "wlroots",
        "type": "gitlab"
      }
    }
  },
  "root": "root",
  "version": 7
}
