{
  "nodes": {
    "emacs-overlay": {
      "locked": {
        "lastModified": 1649445090,
        "narHash": "sha256-Efc9OyUwM9AlwwTA87F6RZrOPo2cvQ5xpiY1lJdRJQw=",
        "owner": "nix-community",
        "repo": "emacs-overlay",
        "rev": "64d16bb1dcef3f9b7a52b38cf54d87a792651968",
        "type": "github"
      },
      "original": {
        "owner": "nix-community",
        "repo": "emacs-overlay",
        "type": "github"
      }
    },
    "home-manager": {
      "inputs": {
        "nixpkgs": [
          "nixpkgs"
        ]
      },
      "locked": {
        "lastModified": 1649392573,
        "narHash": "sha256-dCPEJZzExz2+i7AjUuViZUgHC+JXDlBBG/IzuSYWCh8=",
        "owner": "nix-community",
        "repo": "home-manager",
        "rev": "f911ebbec927e8e9b582f2e32e2b35f730074cfc",
        "type": "github"
      },
      "original": {
        "owner": "nix-community",
        "repo": "home-manager",
        "type": "github"
      }
    },
    "nixpkgs": {
      "locked": {
        "lastModified": 1649225869,
        "narHash": "sha256-u1zLtPmQzhT9mNXyM8Ey9pk7orDrIKdwooeGDEXm5xM=",
        "owner": "nixos",
        "repo": "nixpkgs",
        "rev": "b6966d911da89e5a7301aaef8b4f0a44c77e103c",
        "type": "github"
      },
      "original": {
        "owner": "nixos",
        "ref": "nixos-unstable",
        "repo": "nixpkgs",
        "type": "github"
      }
    },
    "root": {
      "inputs": {
        "emacs-overlay": "emacs-overlay",
        "home-manager": "home-manager",
        "nixpkgs": "nixpkgs"
      }
    }
  },
  "root": "root",
  "version": 7
}
